
Microsoft Visual Studio Solution File, Format Version 12.00
# Visual Studio Version 17
VisualStudioVersion = 17.11.35327.3
MinimumVisualStudioVersion = 10.0.40219.1
Project("{FAE04EC0-301F-11D3-BF4B-00C04F79EFBC}") = "OptimizationIssues", "OptimizationIssues\OptimizationIssues.csproj", "{B3ACC60D-6ED9-468B-A65F-150BE0AB2309}"
EndProject
Global
	GlobalSection(SolutionConfigurationPlatforms) = preSolution
		Debug|Any CPU = Debug|Any CPU
		Release|Any CPU = Release|Any CPU
	EndGlobalSection
	GlobalSection(ProjectConfigurationPlatforms) = postSolution
		{B3ACC60D-6ED9-468B-A65F-150BE0AB2309}.Debug|Any CPU.ActiveCfg = Debug|Any CPU
		{B3ACC60D-6ED9-468B-A65F-150BE0AB2309}.Debug|Any CPU.Build.0 = Debug|Any CPU
		{B3ACC60D-6ED9-468B-A65F-150BE0AB2309}.Release|Any CPU.ActiveCfg = Release|Any CPU
		{B3ACC60D-6ED9-468B-A65F-150BE0AB2309}.Release|Any CPU.Build.0 = Release|Any CPU
	EndGlobalSection
	GlobalSection(SolutionProperties) = preSolution
		HideSolutionNode = FALSE
	EndGlobalSection
	GlobalSection(ExtensibilityGlobals) = postSolution
		SolutionGuid = {D923861B-5463-47F0-B27D-05CC6FDFF0B7}
	EndGlobalSection
EndGlobal
